<?xml version="1.0" encoding="utf-8"?>
<Project ToolsVersion="4.0" xmlns="http://schemas.microsoft.com/developer/msbuild/2003">
  <ItemGroup>
    <Filter Include="Source Files">
      <UniqueIdentifier>{4FC737F1-C7A5-4376-A066-2A32D752A2FF}</UniqueIdentifier>
      <Extensions>cpp;c;cc;cxx;def;odl;idl;hpj;bat;asm;asmx</Extensions>
    </Filter>
    <Filter Include="Resource Files">
      <UniqueIdentifier>{67DA6AB6-F800-4c08-8B7A-83BB121AAD01}</UniqueIdentifier>
      <Extensions>rc;ico;cur;bmp;dlg;rc2;rct;bin;rgs;gif;jpg;jpeg;jpe;resx;tiff;tif;png;wav;mfcribbon-ms</Extensions>
    </Filter>
    <Filter Include="includes">
      <UniqueIdentifier>{93995380-89BD-4b04-88EB-625FBE52EBFB}</UniqueIdentifier>
      <Extensions>h;hh;hpp;hxx;hm;inl;inc;xsd</Extensions>
    </Filter>
    <Filter Include="includes\units">
      <UniqueIdentifier>{ca700e54-388f-40b9-a067-e2607b1c5782}</UniqueIdentifier>
    </Filter>
    <Filter Include="Source Files\units">
      <UniqueIdentifier>{c8108a02-798a-4e36-bd60-5afb96e6aed7}</UniqueIdentifier>
    </Filter>
  </ItemGroup>
  <ItemGroup>
    <ClCompile Include="src\units\access_device_unit.cpp">
      <Filter>Source Files\units</Filter>
    </ClCompile>
    <ClCompile Include="src\units\directshow_device_unit.cpp">
      <Filter>Source Files\units</Filter>
    </ClCompile>
    <ClCompile Include="src\track_location.cpp">
      <Filter>Source Files</Filter>
    </ClCompile>
    <ClCompile Include="src\track_location_container.cpp">
      <Filter>Source Files</Filter>
    </ClCompile>
    <ClCompile Include="src\track_location_engine.cpp">
      <Filter>Source Files</Filter>
    </ClCompile>
  </ItemGroup>
  <ItemGroup>
    <ClInclude Include="include\track_location.hpp">
      <Filter>includes</Filter>
    </ClInclude>
    <ClInclude Include="include\units\access_device_unit.hpp">
      <Filter>includes\units</Filter>
    </ClInclude>
    <ClInclude Include="include\track_locations_engine.hpp">
      <Filter>includes</Filter>
    </ClInclude>
    <ClInclude Include="include\track_locations_container.hpp">
      <Filter>includes</Filter>
    </ClInclude>
    <ClInclude Include="include\units\directshow_device_unit.hpp">
      <Filter>includes\units</Filter>
    </ClInclude>
    <ClInclude Include="include\units\idevice_unit.hpp">
      <Filter>includes\units</Filter>
    </ClInclude>
  </ItemGroup>
</Project>