<?xml version="1.0" encoding="utf-8"?>
<Project ToolsVersion="4.0" xmlns="http://schemas.microsoft.com/developer/msbuild/2003">
  <ItemGroup>
    <Filter Include="Source Files">
      <UniqueIdentifier>{4FC737F1-C7A5-4376-A066-2A32D752A2FF}</UniqueIdentifier>
      <Extensions>cpp;c;cc;cxx;def;odl;idl;hpj;bat;asm;asmx</Extensions>
    </Filter>
    <Filter Include="Header Files">
      <UniqueIdentifier>{93995380-89BD-4b04-88EB-625FBE52EBFB}</UniqueIdentifier>
      <Extensions>h;hh;hpp;hxx;hm;inl;inc;xsd</Extensions>
    </Filter>
    <Filter Include="Resource Files">
      <UniqueIdentifier>{67DA6AB6-F800-4c08-8B7A-83BB121AAD01}</UniqueIdentifier>
      <Extensions>rc;ico;cur;bmp;dlg;rc2;rct;bin;rgs;gif;jpg;jpeg;jpe;resx;tiff;tif;png;wav;mfcribbon-ms</Extensions>
    </Filter>
    <Filter Include="Header Files\contracts">
      <UniqueIdentifier>{1e254ac3-5fbd-402f-a24b-c36ef39f8612}</UniqueIdentifier>
    </Filter>
    <Filter Include="Header Files\datatypes">
      <UniqueIdentifier>{7e2b21a5-84ab-4254-a95f-46ca66d4dd3d}</UniqueIdentifier>
    </Filter>
    <Filter Include="Header Files\services">
      <UniqueIdentifier>{4cd6c963-6773-4c75-8879-7de031f0d3e0}</UniqueIdentifier>
    </Filter>
    <Filter Include="Header Files\contracts\services">
      <UniqueIdentifier>{d2f0b85f-f808-4f99-aa1c-f1af26568e31}</UniqueIdentifier>
    </Filter>
    <Filter Include="Header Files\contracts\common">
      <UniqueIdentifier>{b286b315-8649-4df4-a8c6-2804050c6107}</UniqueIdentifier>
    </Filter>
    <Filter Include="Source Files\datatypes">
      <UniqueIdentifier>{4762c719-a9f2-4652-a251-29c3f160eebc}</UniqueIdentifier>
    </Filter>
    <Filter Include="Source Files\services">
      <UniqueIdentifier>{13e1be0d-d692-458d-b72d-c66da022bd7b}</UniqueIdentifier>
    </Filter>
    <Filter Include="Header Files\contracts\video">
      <UniqueIdentifier>{336cbaa6-58c9-49b6-895c-f5117add5827}</UniqueIdentifier>
    </Filter>
    <Filter Include="Header Files\contracts\locations">
      <UniqueIdentifier>{7f80eb31-fd6b-4aae-9a47-b0a8f1df2dd5}</UniqueIdentifier>
    </Filter>
    <Filter Include="Header Files\contracts\observers">
      <UniqueIdentifier>{2410497f-7fe8-4125-bee2-eb0734b6c68b}</UniqueIdentifier>
    </Filter>
    <Filter Include="Header Files\contracts\devices">
      <UniqueIdentifier>{db9ab388-f90f-4974-ac34-c5cbe07e51ab}</UniqueIdentifier>
    </Filter>
    <Filter Include="Header Files\contracts\devices\access_device">
      <UniqueIdentifier>{4f1a76a6-2cbd-4a51-aa6b-8c17a0f3498d}</UniqueIdentifier>
    </Filter>
    <Filter Include="Header Files\contracts\data">
      <UniqueIdentifier>{92143980-8965-4925-a1a8-6e23cc86870a}</UniqueIdentifier>
    </Filter>
    <Filter Include="Header Files\contracts\devices\video_device">
      <UniqueIdentifier>{70abd700-cc39-4aa7-a001-8aaba562e203}</UniqueIdentifier>
    </Filter>
    <Filter Include="Source Files\contracts">
      <UniqueIdentifier>{66a47727-62f0-46e9-bc19-c6a8437e8a6b}</UniqueIdentifier>
    </Filter>
    <Filter Include="Source Files\contracts\common">
      <UniqueIdentifier>{f13133e3-bc9c-46ef-8253-3b27092d21b5}</UniqueIdentifier>
    </Filter>
  </ItemGroup>
  <ItemGroup>
    <ClInclude Include="include\contracts\video\iplayer.hpp">
      <Filter>Header Files\contracts\video</Filter>
    </ClInclude>
    <ClInclude Include="include\contracts\devices\device_observer.hpp">
      <Filter>Header Files\contracts\devices</Filter>
    </ClInclude>
    <ClInclude Include="include\contracts\devices\device_exception.hpp">
      <Filter>Header Files\contracts\devices</Filter>
    </ClInclude>
    <ClInclude Include="include\contracts\locations\ilocation.hpp">
      <Filter>Header Files\contracts\locations</Filter>
    </ClInclude>
    <ClInclude Include="include\contracts\locations\itrack_location_coordinator.hpp">
      <Filter>Header Files\contracts\locations</Filter>
    </ClInclude>
    <ClInclude Include="include\contracts\devices\access_device\access_device_types.hpp">
      <Filter>Header Files\contracts\devices\access_device</Filter>
    </ClInclude>
    <ClInclude Include="include\contracts\devices\access_device\icommand_result.hpp">
      <Filter>Header Files\contracts\devices\access_device</Filter>
    </ClInclude>
    <ClInclude Include="include\contracts\devices\idevice_engine.hpp">
      <Filter>Header Files\contracts\devices</Filter>
    </ClInclude>
    <ClInclude Include="include\contracts\devices\idevice_enumerator.hpp">
      <Filter>Header Files\contracts\devices</Filter>
    </ClInclude>
    <ClInclude Include="include\contracts\devices\access_device\iaccess_coordinator.hpp">
      <Filter>Header Files\contracts\devices\access_device</Filter>
    </ClInclude>
    <ClInclude Include="include\contracts\devices\access_device\iaccess_device_engine.hpp">
      <Filter>Header Files\contracts\devices\access_device</Filter>
    </ClInclude>
    <ClInclude Include="include\contracts\devices\video_device\istream_data.hpp">
      <Filter>Header Files\contracts\devices\video_device</Filter>
    </ClInclude>
    <ClInclude Include="include\contracts\devices\video_device\ivideo_engine.hpp">
      <Filter>Header Files\contracts\devices\video_device</Filter>
    </ClInclude>
    <ClInclude Include="include\contracts\devices\idevice_info.hpp">
      <Filter>Header Files\contracts\devices</Filter>
    </ClInclude>
    <ClInclude Include="include\contracts\devices\idevices_container.hpp">
      <Filter>Header Files\contracts\devices</Filter>
    </ClInclude>
    <ClInclude Include="include\contracts\iservices.hpp">
      <Filter>Header Files</Filter>
    </ClInclude>
    <ClInclude Include="include\contracts\iservice_context.hpp">
      <Filter>Header Files</Filter>
    </ClInclude>
    <ClInclude Include="include\contracts\iservice_configuration.hpp">
      <Filter>Header Files\contracts</Filter>
    </ClInclude>
  </ItemGroup>
  <ItemGroup>
    <ClCompile Include="src\main.cpp">
      <Filter>Source Files</Filter>
    </ClCompile>
  </ItemGroup>
</Project>