<?xml version="1.0" encoding="utf-8"?>
<Project ToolsVersion="4.0" xmlns="http://schemas.microsoft.com/developer/msbuild/2003">
  <ItemGroup>
    <Filter Include="Resource Files">
      <UniqueIdentifier>{67DA6AB6-F800-4c08-8B7A-83BB121AAD01}</UniqueIdentifier>
      <Extensions>rc;ico;cur;bmp;dlg;rc2;rct;bin;rgs;gif;jpg;jpeg;jpe;resx;tiff;tif;png;wav;mfcribbon-ms</Extensions>
    </Filter>
    <Filter Include="includes">
      <UniqueIdentifier>{93995380-89BD-4b04-88EB-625FBE52EBFB}</UniqueIdentifier>
      <Extensions>h;hh;hpp;hxx;hm;inl;inc;xsd</Extensions>
    </Filter>
    <Filter Include="src">
      <UniqueIdentifier>{4FC737F1-C7A5-4376-A066-2A32D752A2FF}</UniqueIdentifier>
      <Extensions>cpp;c;cc;cxx;def;odl;idl;hpj;bat;asm;asmx</Extensions>
    </Filter>
    <Filter Include="includes\datacontext">
      <UniqueIdentifier>{8076e4d4-82aa-4ff7-9573-82bfd8b1350e}</UniqueIdentifier>
    </Filter>
    <Filter Include="includes\repositories">
      <UniqueIdentifier>{23a57971-6256-4402-aee5-3a502993a92b}</UniqueIdentifier>
    </Filter>
    <Filter Include="includes\localstorage">
      <UniqueIdentifier>{fdd772dc-e0a2-4f0b-a95b-9f19140c537e}</UniqueIdentifier>
    </Filter>
  </ItemGroup>
  <ItemGroup>
    <ClCompile Include="main.cpp">
      <Filter>src</Filter>
    </ClCompile>
  </ItemGroup>
  <ItemGroup>
    <ClInclude Include="include\datacontext\locations_data_context.hpp">
      <Filter>includes\datacontext</Filter>
    </ClInclude>
    <ClInclude Include="include\repository\location_repository.hpp">
      <Filter>includes\repositories</Filter>
    </ClInclude>
    <ClInclude Include="include\repository_container.hpp">
      <Filter>includes</Filter>
    </ClInclude>
    <ClInclude Include="include\localstorage\locations_localstorage.hpp">
      <Filter>includes\localstorage</Filter>
    </ClInclude>
    <ClInclude Include="include\data_utils.hpp">
      <Filter>includes</Filter>
    </ClInclude>
  </ItemGroup>
</Project>