<?xml version="1.0" encoding="utf-8"?>
<Project ToolsVersion="4.0" xmlns="http://schemas.microsoft.com/developer/msbuild/2003">
  <ItemGroup>
    <Filter Include="Resource Files">
      <UniqueIdentifier>{67DA6AB6-F800-4c08-8B7A-83BB121AAD01}</UniqueIdentifier>
      <Extensions>rc;ico;cur;bmp;dlg;rc2;rct;bin;rgs;gif;jpg;jpeg;jpe;resx;tiff;tif;png;wav;mfcribbon-ms</Extensions>
    </Filter>
    <Filter Include="includes">
      <UniqueIdentifier>{93995380-89BD-4b04-88EB-625FBE52EBFB}</UniqueIdentifier>
      <Extensions>h;hh;hpp;hxx;hm;inl;inc;xsd</Extensions>
    </Filter>
    <Filter Include="src">
      <UniqueIdentifier>{4FC737F1-C7A5-4376-A066-2A32D752A2FF}</UniqueIdentifier>
      <Extensions>cpp;c;cc;cxx;def;odl;idl;hpj;bat;asm;asmx</Extensions>
    </Filter>
  </ItemGroup>
  <ItemGroup>
    <ClCompile Include="main.cpp">
      <Filter>src</Filter>
    </ClCompile>
    <ClCompile Include="src\directshow_device_enumerator.cpp">
      <Filter>src</Filter>
    </ClCompile>
    <ClCompile Include="src\directshow_device_engine.cpp">
      <Filter>src</Filter>
    </ClCompile>
    <ClCompile Include="src\video_source.cpp">
      <Filter>src</Filter>
    </ClCompile>
    <ClCompile Include="src\stream_data.cpp">
      <Filter>src</Filter>
    </ClCompile>
    <ClCompile Include="src\directshow_device_info.cpp">
      <Filter>src</Filter>
    </ClCompile>
    <ClCompile Include="src\directshow_device_listener.cpp">
      <Filter>src</Filter>
    </ClCompile>
    <ClCompile Include="src\raw_data.cpp">
      <Filter>src</Filter>
    </ClCompile>
  </ItemGroup>
  <ItemGroup>
    <ClInclude Include="include\directshow_device_enumerator.hpp">
      <Filter>includes</Filter>
    </ClInclude>
    <ClInclude Include="include\platform.hpp">
      <Filter>includes</Filter>
    </ClInclude>
    <ClInclude Include="include\directshow_device_listener.hpp">
      <Filter>includes</Filter>
    </ClInclude>
    <ClInclude Include="include\directshow_device_info.hpp">
      <Filter>includes</Filter>
    </ClInclude>
    <ClInclude Include="include\directshow_device_engine.hpp">
      <Filter>includes</Filter>
    </ClInclude>
    <ClInclude Include="include\video_source.hpp">
      <Filter>includes</Filter>
    </ClInclude>
    <ClInclude Include="include\std_threadable.hpp">
      <Filter>includes</Filter>
    </ClInclude>
    <ClInclude Include="include\stream_data.hpp">
      <Filter>includes</Filter>
    </ClInclude>
    <ClInclude Include="include\raw_data.hpp">
      <Filter>includes</Filter>
    </ClInclude>
  </ItemGroup>
</Project>