<?xml version="1.0" encoding="utf-8"?>
<Project ToolsVersion="4.0" xmlns="http://schemas.microsoft.com/developer/msbuild/2003">
  <ItemGroup>
    <Filter Include="Source Files">
      <UniqueIdentifier>{4FC737F1-C7A5-4376-A066-2A32D752A2FF}</UniqueIdentifier>
      <Extensions>cpp;c;cc;cxx;def;odl;idl;hpj;bat;asm;asmx</Extensions>
    </Filter>
    <Filter Include="Resource Files">
      <UniqueIdentifier>{67DA6AB6-F800-4c08-8B7A-83BB121AAD01}</UniqueIdentifier>
      <Extensions>rc;ico;cur;bmp;dlg;rc2;rct;bin;rgs;gif;jpg;jpeg;jpe;resx;tiff;tif;png;wav;mfcribbon-ms</Extensions>
    </Filter>
    <Filter Include="includes">
      <UniqueIdentifier>{93995380-89BD-4b04-88EB-625FBE52EBFB}</UniqueIdentifier>
      <Extensions>h;hh;hpp;hxx;hm;inl;inc;xsd</Extensions>
    </Filter>
    <Filter Include="includes\unit_service">
      <UniqueIdentifier>{df05f8b3-9028-4b03-98c2-a173596779b6}</UniqueIdentifier>
    </Filter>
    <Filter Include="includes\facial_service">
      <UniqueIdentifier>{ffee3599-dbe6-4b38-a30e-9fefa5f65b1c}</UniqueIdentifier>
    </Filter>
    <Filter Include="includes\database_service">
      <UniqueIdentifier>{956e2992-3687-4fcf-86d3-5b126e050714}</UniqueIdentifier>
    </Filter>
    <Filter Include="includes\coordinator_service">
      <UniqueIdentifier>{63232fe6-c5fc-4569-84b0-28702867de5e}</UniqueIdentifier>
    </Filter>
  </ItemGroup>
  <ItemGroup>
    <ClCompile Include="main.cpp">
      <Filter>Source Files</Filter>
    </ClCompile>
  </ItemGroup>
  <ItemGroup>
    <ClInclude Include="include\unit_service\get_devices_request_handler.hpp">
      <Filter>includes\unit_service</Filter>
    </ClInclude>
    <ClInclude Include="include\request_handler.hpp">
      <Filter>includes</Filter>
    </ClInclude>
    <ClInclude Include="include\server_manager.hpp">
      <Filter>includes</Filter>
    </ClInclude>
    <ClInclude Include="include\unit_service\open_door_request_handler.hpp">
      <Filter>includes\unit_service</Filter>
    </ClInclude>
    <ClInclude Include="database_client_impl.hpp">
      <Filter>includes\database_service</Filter>
    </ClInclude>
    <ClInclude Include="include\client_context.hpp">
      <Filter>includes</Filter>
    </ClInclude>
    <ClInclude Include="include\database_service\database_client_calls.hpp">
      <Filter>includes\database_service</Filter>
    </ClInclude>
    <ClInclude Include="include\unit_service\unit_service_impl.hpp">
      <Filter>includes\unit_service</Filter>
    </ClInclude>
    <ClInclude Include="include\server_context.hpp">
      <Filter>includes</Filter>
    </ClInclude>
    <ClInclude Include="include\clients_manager.hpp">
      <Filter>includes</Filter>
    </ClInclude>
    <ClInclude Include="include\services_coordinator.hpp">
      <Filter>includes</Filter>
    </ClInclude>
    <ClInclude Include="include\coordinator_service\coordinator_client_impl.hpp">
      <Filter>includes\coordinator_service</Filter>
    </ClInclude>
    <ClInclude Include="include\coordinator_service\coordinator_client_calls.hpp">
      <Filter>includes\coordinator_service</Filter>
    </ClInclude>
    <ClInclude Include="include\service_utils.hpp">
      <Filter>includes</Filter>
    </ClInclude>
    <ClInclude Include="include\facial_service\facial_client_impl.hpp">
      <Filter>includes\facial_service</Filter>
    </ClInclude>
    <ClInclude Include="include\unit_service\get_device_stream_request_handler.hpp">
      <Filter>includes\unit_service</Filter>
    </ClInclude>
    <ClInclude Include="include\unit_service\get_location_stream_request_handler.hpp">
      <Filter>includes\unit_service</Filter>
    </ClInclude>
  </ItemGroup>
  <ItemGroup>
    <None Include="packages.config" />
  </ItemGroup>
</Project>